
Microsoft Visual Studio Solution File, Format Version 12.00
# Visual Studio Version 16
VisualStudioVersion = 16.0.30011.22
MinimumVisualStudioVersion = 10.0.40219.1
Project("{9A19103F-16F7-4668-BE54-9A1E7A4F7556}") = "BulkyBook", "Bulky Book\BulkyBook.csproj", "{D013D3CC-0989-49DE-BFF8-17B8598BBD19}"
EndProject
Project("{FAE04EC0-301F-11D3-BF4B-00C04F79EFBC}") = "BulkyBook.DataAccess", "BulkyBook.DataAccess\BulkyBook.DataAccess.csproj", "{F5541322-5AF6-4C67-9905-494FD3963834}"
EndProject
Project("{FAE04EC0-301F-11D3-BF4B-00C04F79EFBC}") = "BulkyBook.Models", "BulkyBook.Models\BulkyBook.Models.csproj", "{9A9BEF2B-7F6D-4B84-B706-0D106E09F387}"
EndProject
Project("{FAE04EC0-301F-11D3-BF4B-00C04F79EFBC}") = "BulkyBook.Utility", "BulkyBook.Utility\BulkyBook.Utility.csproj", "{B64EACA6-0A48-409B-BC29-7272422EC219}"
EndProject
Global
	GlobalSection(SolutionConfigurationPlatforms) = preSolution
		Debug|Any CPU = Debug|Any CPU
		Release|Any CPU = Release|Any CPU
	EndGlobalSection
	GlobalSection(ProjectConfigurationPlatforms) = postSolution
		{D013D3CC-0989-49DE-BFF8-17B8598BBD19}.Debug|Any CPU.ActiveCfg = Debug|Any CPU
		{D013D3CC-0989-49DE-BFF8-17B8598BBD19}.Debug|Any CPU.Build.0 = Debug|Any CPU
		{D013D3CC-0989-49DE-BFF8-17B8598BBD19}.Release|Any CPU.ActiveCfg = Release|Any CPU
		{D013D3CC-0989-49DE-BFF8-17B8598BBD19}.Release|Any CPU.Build.0 = Release|Any CPU
		{F5541322-5AF6-4C67-9905-494FD3963834}.Debug|Any CPU.ActiveCfg = Debug|Any CPU
		{F5541322-5AF6-4C67-9905-494FD3963834}.Debug|Any CPU.Build.0 = Debug|Any CPU
		{F5541322-5AF6-4C67-9905-494FD3963834}.Release|Any CPU.ActiveCfg = Release|Any CPU
		{F5541322-5AF6-4C67-9905-494FD3963834}.Release|Any CPU.Build.0 = Release|Any CPU
		{9A9BEF2B-7F6D-4B84-B706-0D106E09F387}.Debug|Any CPU.ActiveCfg = Debug|Any CPU
		{9A9BEF2B-7F6D-4B84-B706-0D106E09F387}.Debug|Any CPU.Build.0 = Debug|Any CPU
		{9A9BEF2B-7F6D-4B84-B706-0D106E09F387}.Release|Any CPU.ActiveCfg = Release|Any CPU
		{9A9BEF2B-7F6D-4B84-B706-0D106E09F387}.Release|Any CPU.Build.0 = Release|Any CPU
		{B64EACA6-0A48-409B-BC29-7272422EC219}.Debug|Any CPU.ActiveCfg = Debug|Any CPU
		{B64EACA6-0A48-409B-BC29-7272422EC219}.Debug|Any CPU.Build.0 = Debug|Any CPU
		{B64EACA6-0A48-409B-BC29-7272422EC219}.Release|Any CPU.ActiveCfg = Release|Any CPU
		{B64EACA6-0A48-409B-BC29-7272422EC219}.Release|Any CPU.Build.0 = Release|Any CPU
	EndGlobalSection
	GlobalSection(SolutionProperties) = preSolution
		HideSolutionNode = FALSE
	EndGlobalSection
	GlobalSection(ExtensibilityGlobals) = postSolution
		SolutionGuid = {A021769E-EB54-4FE2-A8E5-831D0E03E486}
	EndGlobalSection
EndGlobal
